# This file is automatically @generated by Cargo.
# It is not intended for manual editing.
[[package]]
name = "helloworld"
version = "0.1.0"
source = "registry+https://dl.cloudsmith.io/public/matthias-kruger/ccart/cargo/index.git"

[[package]]
name = "use_cloudsmith_dep"
version = "0.1.0"
dependencies = [
 "helloworld 0.1.0 (registry+https://dl.cloudsmith.io/public/matthias-kruger/ccart/cargo/index.git)",
]

[metadata]
"checksum helloworld 0.1.0 (registry+https://dl.cloudsmith.io/public/matthias-kruger/ccart/cargo/index.git)" = "ad0e8192c20e2c8e42c0650b323a9def9a8cce5c2afbf178b1c7bae57d741a12"
