# This file is automatically @generated by Cargo.
# It is not intended for manual editing.
[[package]]
name = "cc"
version = "1.0.18"
source = "registry+https://github.com/rust-lang/crates.io-index"

[[package]]
name = "libc"
version = "0.2.42"
source = "registry+https://github.com/rust-lang/crates.io-index"

[[package]]
name = "pkg-config"
version = "0.3.12"
source = "registry+https://github.com/rust-lang/crates.io-index"

[[package]]
name = "size_test"
version = "0.1.0"
dependencies = [
 "cc 1.0.18 (registry+https://github.com/rust-lang/crates.io-index)",
 "libc 0.2.42 (registry+https://github.com/rust-lang/crates.io-index)",
 "pkg-config 0.3.12 (registry+https://github.com/rust-lang/crates.io-index)",
 "unicode-xid 0.0.4 (registry+https://github.com/rust-lang/crates.io-index)",
]

[[package]]
name = "unicode-xid"
version = "0.0.4"
source = "registry+https://github.com/rust-lang/crates.io-index"

[metadata]
"checksum cc 1.0.18 (registry+https://github.com/rust-lang/crates.io-index)" = "2119ea4867bd2b8ed3aecab467709720b2d55b1bcfe09f772fd68066eaf15275"
"checksum libc 0.2.42 (registry+https://github.com/rust-lang/crates.io-index)" = "b685088df2b950fccadf07a7187c8ef846a959c142338a48f9dc0b94517eb5f1"
"checksum pkg-config 0.3.12 (registry+https://github.com/rust-lang/crates.io-index)" = "6a52e4dbc8354505ee07e484ab07127e06d87ca6fa7f0a516a2b294e5ad5ad16"
"checksum unicode-xid 0.0.4 (registry+https://github.com/rust-lang/crates.io-index)" = "8c1f860d7d29cf02cb2f3f359fd35991af3d30bac52c57d265a3c461074cb4dc"
