# This file is automatically @generated by Cargo.
# It is not intended for manual editing.
version = 3

[[package]]
name = "actual_crate"
version = "0.1.0"
dependencies = [
 "clippy_travis_test",
 "rustc_tools_util",
]

[[package]]
name = "clippy_travis_test"
version = "0.1.0"
source = "git+https://github.com/matthiaskrgr/clippy_travis_test#b10ae662025462a5756f1be19d522ec420ce920b"

[[package]]
name = "rustc_tools_util"
version = "0.2.0"
source = "registry+https://github.com/rust-lang/crates.io-index"
checksum = "b725dadae9fabc488df69a287f5a99c5eaf5d10853842a8a3dfac52476f544ee"
